{
  "name": "2708-node-lib-md",
  "version": "1.0.0",
  "lockfileVersion": 2,
  "requires": true,
  "packages": {
    "": {
      "name": "2708-node-lib-md",
      "version": "1.0.0",
      "license": "ISC",
      "dependencies": {
        "chalk": "5.0.1"
      }
    },
    "node_modules/chalk": {
      "version": "5.0.1",
      "resolved": "https://ab-inbev.pkgs.visualstudio.com/GHQ_B2B_Delta/_packaging/admin-portal-shared-services/npm/registry/chalk/-/chalk-5.0.1.tgz",
      "integrity": "sha1-ylfXHoK7U0opbfY7usxKHCKypLY=",
      "license": "MIT",
      "engines": {
        "node": "^12.17.0 || ^14.13 || >=16.0.0"
      },
      "funding": {
        "url": "https://github.com/chalk/chalk?sponsor=1"
      }
    }
  },
  "dependencies": {
    "chalk": {
      "version": "5.0.1",
      "resolved": "https://ab-inbev.pkgs.visualstudio.com/GHQ_B2B_Delta/_packaging/admin-portal-shared-services/npm/registry/chalk/-/chalk-5.0.1.tgz",
      "integrity": "sha1-ylfXHoK7U0opbfY7usxKHCKypLY="
    }
  }
}
